
Microsoft Visual Studio Solution File, Format Version 12.00
# Visual Studio Version 17
VisualStudioVersion = 17.14.36518.9 d17.14
MinimumVisualStudioVersion = 10.0.40219.1
Project("{FAE04EC0-301F-11D3-BF4B-00C04F79EFBC}") = "ApiCatalogo", "ApiCatalogo.csproj", "{FAC96F00-9169-43F8-B1F5-BBB34D407071}"
EndProject
Global
	GlobalSection(SolutionConfigurationPlatforms) = preSolution
		Debug|Any CPU = Debug|Any CPU
		Release|Any CPU = Release|Any CPU
	EndGlobalSection
	GlobalSection(ProjectConfigurationPlatforms) = postSolution
		{FAC96F00-9169-43F8-B1F5-BBB34D407071}.Debug|Any CPU.ActiveCfg = Debug|Any CPU
		{FAC96F00-9169-43F8-B1F5-BBB34D407071}.Debug|Any CPU.Build.0 = Debug|Any CPU
		{FAC96F00-9169-43F8-B1F5-BBB34D407071}.Release|Any CPU.ActiveCfg = Release|Any CPU
		{FAC96F00-9169-43F8-B1F5-BBB34D407071}.Release|Any CPU.Build.0 = Release|Any CPU
	EndGlobalSection
	GlobalSection(SolutionProperties) = preSolution
		HideSolutionNode = FALSE
	EndGlobalSection
	GlobalSection(ExtensibilityGlobals) = postSolution
		SolutionGuid = {948EC711-6433-4D3A-91C7-EA14639DDF3A}
	EndGlobalSection
EndGlobal
